
Microsoft Visual Studio Solution File, Format Version 12.00
# Visual Studio 2012
Project("{FAE04EC0-301F-11D3-BF4B-00C04F79EFBC}") = "Lisp", "Lisp.csproj", "{F8E0AD7C-6054-4575-8919-DC882AB203D5}"
EndProject
Project("{FAE04EC0-301F-11D3-BF4B-00C04F79EFBC}") = "Lisp.Tests", "Lisp.Tests\Lisp.Tests.csproj", "{3E0AF5CB-E0F0-4DE8-8EA5-5F6ABCD2E8FD}"
EndProject
Project("{FAE04EC0-301F-11D3-BF4B-00C04F79EFBC}") = "Lisp.Web", "Lisp.Web\Lisp.Web.csproj", "{451A68B1-4530-46E8-BD41-4EB73C03C9B6}"
EndProject
Global
	GlobalSection(SolutionConfigurationPlatforms) = preSolution
		Debug|Any CPU = Debug|Any CPU
		Debug|x64 = Debug|x64
		Debug|x86 = Debug|x86
		Release|Any CPU = Release|Any CPU
		Release|x64 = Release|x64
		Release|x86 = Release|x86
	EndGlobalSection
	GlobalSection(ProjectConfigurationPlatforms) = postSolution
		{F8E0AD7C-6054-4575-8919-DC882AB203D5}.Debug|Any CPU.ActiveCfg = Debug|Any CPU
		{F8E0AD7C-6054-4575-8919-DC882AB203D5}.Debug|Any CPU.Build.0 = Debug|Any CPU
		{F8E0AD7C-6054-4575-8919-DC882AB203D5}.Debug|x64.ActiveCfg = Debug|Any CPU
		{F8E0AD7C-6054-4575-8919-DC882AB203D5}.Debug|x64.Build.0 = Debug|Any CPU
		{F8E0AD7C-6054-4575-8919-DC882AB203D5}.Debug|x86.ActiveCfg = Debug|Any CPU
		{F8E0AD7C-6054-4575-8919-DC882AB203D5}.Debug|x86.Build.0 = Debug|Any CPU
		{F8E0AD7C-6054-4575-8919-DC882AB203D5}.Release|Any CPU.ActiveCfg = Release|Any CPU
		{F8E0AD7C-6054-4575-8919-DC882AB203D5}.Release|Any CPU.Build.0 = Release|Any CPU
		{F8E0AD7C-6054-4575-8919-DC882AB203D5}.Release|x64.ActiveCfg = Release|Any CPU
		{F8E0AD7C-6054-4575-8919-DC882AB203D5}.Release|x64.Build.0 = Release|Any CPU
		{F8E0AD7C-6054-4575-8919-DC882AB203D5}.Release|x86.ActiveCfg = Release|Any CPU
		{F8E0AD7C-6054-4575-8919-DC882AB203D5}.Release|x86.Build.0 = Release|Any CPU
		{3E0AF5CB-E0F0-4DE8-8EA5-5F6ABCD2E8FD}.Debug|Any CPU.ActiveCfg = Debug|Any CPU
		{3E0AF5CB-E0F0-4DE8-8EA5-5F6ABCD2E8FD}.Debug|Any CPU.Build.0 = Debug|Any CPU
		{3E0AF5CB-E0F0-4DE8-8EA5-5F6ABCD2E8FD}.Release|Any CPU.ActiveCfg = Release|Any CPU
		{3E0AF5CB-E0F0-4DE8-8EA5-5F6ABCD2E8FD}.Release|Any CPU.Build.0 = Release|Any CPU
		{451A68B1-4530-46E8-BD41-4EB73C03C9B6}.Debug|Any CPU.ActiveCfg = Debug|Any CPU
		{451A68B1-4530-46E8-BD41-4EB73C03C9B6}.Debug|Any CPU.Build.0 = Debug|Any CPU
		{451A68B1-4530-46E8-BD41-4EB73C03C9B6}.Debug|x64.ActiveCfg = Debug|Any CPU
		{451A68B1-4530-46E8-BD41-4EB73C03C9B6}.Debug|x64.Build.0 = Debug|Any CPU
		{451A68B1-4530-46E8-BD41-4EB73C03C9B6}.Debug|x86.ActiveCfg = Debug|Any CPU
		{451A68B1-4530-46E8-BD41-4EB73C03C9B6}.Debug|x86.Build.0 = Debug|Any CPU
		{451A68B1-4530-46E8-BD41-4EB73C03C9B6}.Release|Any CPU.ActiveCfg = Release|Any CPU
		{451A68B1-4530-46E8-BD41-4EB73C03C9B6}.Release|Any CPU.Build.0 = Release|Any CPU
		{451A68B1-4530-46E8-BD41-4EB73C03C9B6}.Release|x64.ActiveCfg = Release|Any CPU
		{451A68B1-4530-46E8-BD41-4EB73C03C9B6}.Release|x64.Build.0 = Release|Any CPU
		{451A68B1-4530-46E8-BD41-4EB73C03C9B6}.Release|x86.ActiveCfg = Release|Any CPU
		{451A68B1-4530-46E8-BD41-4EB73C03C9B6}.Release|x86.Build.0 = Release|Any CPU
	EndGlobalSection
	GlobalSection(SolutionProperties) = preSolution
		HideSolutionNode = FALSE
	EndGlobalSection
EndGlobal
